<Solution>
  <Project Path="../TaskAPI.Core/TaskAPI.Core.csproj" />
  <Project Path="../TaskAPI.Entities/TaskAPI.Entities.csproj" Id="e9596619-1ee0-4537-b0fc-5577f90eaece" />
  <Project Path="../TaskAPI.Infrastructure/TaskAPI.Infrastructure.csproj" />
  <Project Path="../TaskAPI.Service/TaskAPI.Service.csproj" />
  <Project Path="TaskAPI.API.csproj" />
</Solution>
